// !$*UTF8*$!
{
	archiveVersion = 1;
	classes = {
	};
	objectVersion = 56;
	objects = {

/* Begin PBXBuildFile section */
		638160222A2F7B430069BF5E /* lapCell.swift in Sources */ = {isa = PBXBuildFile; fileRef = 638160212A2F7B430069BF5E /* lapCell.swift */; };
		638160242A2F85CE0069BF5E /* Lap.swift in Sources */ = {isa = PBXBuildFile; fileRef = 638160232A2F85CE0069BF5E /* Lap.swift */; };
		638D94D92A2F38FA00F163E1 /* AppDelegate.swift in Sources */ = {isa = PBXBuildFile; fileRef = 638D94D82A2F38FA00F163E1 /* AppDelegate.swift */; };
		638D94DB2A2F38FA00F163E1 /* SceneDelegate.swift in Sources */ = {isa = PBXBuildFile; fileRef = 638D94DA2A2F38FA00F163E1 /* SceneDelegate.swift */; };
		638D94DD2A2F38FA00F163E1 /* ViewController.swift in Sources */ = {isa = PBXBuildFile; fileRef = 638D94DC2A2F38FA00F163E1 /* ViewController.swift */; };
		638D94E02A2F38FA00F163E1 /* Main.storyboard in Resources */ = {isa = PBXBuildFile; fileRef = 638D94DE2A2F38FA00F163E1 /* Main.storyboard */; };
		638D94E22A2F38FB00F163E1 /* Assets.xcassets in Resources */ = {isa = PBXBuildFile; fileRef = 638D94E12A2F38FB00F163E1 /* Assets.xcassets */; };
		638D94E52A2F38FB00F163E1 /* LaunchScreen.storyboard in Resources */ = {isa = PBXBuildFile; fileRef = 638D94E32A2F38FB00F163E1 /* LaunchScreen.storyboard */; };
		638D94F02A2F38FC00F163E1 /* TimerAppTests.swift in Sources */ = {isa = PBXBuildFile; fileRef = 638D94EF2A2F38FC00F163E1 /* TimerAppTests.swift */; };
		638D94FA2A2F38FC00F163E1 /* TimerAppUITests.swift in Sources */ = {isa = PBXBuildFile; fileRef = 638D94F92A2F38FC00F163E1 /* TimerAppUITests.swift */; };
		638D94FC2A2F38FC00F163E1 /* TimerAppUITestsLaunchTests.swift in Sources */ = {isa = PBXBuildFile; fileRef = 638D94FB2A2F38FC00F163E1 /* TimerAppUITestsLaunchTests.swift */; };
/* End PBXBuildFile section */

/* Begin PBXContainerItemProxy section */
		638D94EC2A2F38FC00F163E1 /* PBXContainerItemProxy */ = {
			isa = PBXContainerItemProxy;
			containerPortal = 638D94CD2A2F38FA00F163E1 /* Project object */;
			proxyType = 1;
			remoteGlobalIDString = 638D94D42A2F38FA00F163E1;
			remoteInfo = TimerApp;
		};
		638D94F62A2F38FC00F163E1 /* PBXContainerItemProxy */ = {
			isa = PBXContainerItemProxy;
			containerPortal = 638D94CD2A2F38FA00F163E1 /* Project object */;
			proxyType = 1;
			remoteGlobalIDString = 638D94D42A2F38FA00F163E1;
			remoteInfo = TimerApp;
		};
/* End PBXContainerItemProxy section */

/* Begin PBXFileReference section */
		638160212A2F7B430069BF5E /* lapCell.swift */ = {isa = PBXFileReference; lastKnownFileType = sourcecode.swift; path = lapCell.swift; sourceTree = "<group>"; };
		638160232A2F85CE0069BF5E /* Lap.swift */ = {isa = PBXFileReference; lastKnownFileType = sourcecode.swift; path = Lap.swift; sourceTree = "<group>"; };
		638D94D52A2F38FA00F163E1 /* TimerApp.app */ = {isa = PBXFileReference; explicitFileType = wrapper.application; includeInIndex = 0; path = TimerApp.app; sourceTree = BUILT_PRODUCTS_DIR; };
		638D94D82A2F38FA00F163E1 /* AppDelegate.swift */ = {isa = PBXFileReference; lastKnownFileType = sourcecode.swift; path = AppDelegate.swift; sourceTree = "<group>"; };
		638D94DA2A2F38FA00F163E1 /* SceneDelegate.swift */ = {isa = PBXFileReference; lastKnownFileType = sourcecode.swift; path = SceneDelegate.swift; sourceTree = "<group>"; };
		638D94DC2A2F38FA00F163E1 /* ViewController.swift */ = {isa = PBXFileReference; lastKnownFileType = sourcecode.swift; path = ViewController.swift; sourceTree = "<group>"; };
		638D94DF2A2F38FA00F163E1 /* Base */ = {isa = PBXFileReference; lastKnownFileType = file.storyboard; name = Base; path = Base.lproj/Main.storyboard; sourceTree = "<group>"; };
		638D94E12A2F38FB00F163E1 /* Assets.xcassets */ = {isa = PBXFileReference; lastKnownFileType = folder.assetcatalog; path = Assets.xcassets; sourceTree = "<group>"; };
		638D94E42A2F38FB00F163E1 /* Base */ = {isa = PBXFileReference; lastKnownFileType = file.storyboard; name = Base; path = Base.lproj/LaunchScreen.storyboard; sourceTree = "<group>"; };
		638D94E62A2F38FB00F163E1 /* Info.plist */ = {isa = PBXFileReference; lastKnownFileType = text.plist.xml; path = Info.plist; sourceTree = "<group>"; };
		638D94EB2A2F38FC00F163E1 /* TimerAppTests.xctest */ = {isa = PBXFileReference; explicitFileType = wrapper.cfbundle; includeInIndex = 0; path = TimerAppTests.xctest; sourceTree = BUILT_PRODUCTS_DIR; };
		638D94EF2A2F38FC00F163E1 /* TimerAppTests.swift */ = {isa = PBXFileReference; lastKnownFileType = sourcecode.swift; path = TimerAppTests.swift; sourceTree = "<group>"; };
		638D94F52A2F38FC00F163E1 /* TimerAppUITests.xctest */ = {isa = PBXFileReference; explicitFileType = wrapper.cfbundle; includeInIndex = 0; path = TimerAppUITests.xctest; sourceTree = BUILT_PRODUCTS_DIR; };
		638D94F92A2F38FC00F163E1 /* TimerAppUITests.swift */ = {isa = PBXFileReference; lastKnownFileType = sourcecode.swift; path = TimerAppUITests.swift; sourceTree = "<group>"; };
		638D94FB2A2F38FC00F163E1 /* TimerAppUITestsLaunchTests.swift */ = {isa = PBXFileReference; lastKnownFileType = sourcecode.swift; path = TimerAppUITestsLaunchTests.swift; sourceTree = "<group>"; };
/* End PBXFileReference section */

/* Begin PBXFrameworksBuildPhase section */
		638D94D22A2F38FA00F163E1 /* Frameworks */ = {
			isa = PBXFrameworksBuildPhase;
			buildActionMask = 2147483647;
			files = (
			);
			runOnlyForDeploymentPostprocessing = 0;
		};
		638D94E82A2F38FC00F163E1 /* Frameworks */ = {
			isa = PBXFrameworksBuildPhase;
			buildActionMask = 2147483647;
			files = (
			);
			runOnlyForDeploymentPostprocessing = 0;
		};
		638D94F22A2F38FC00F163E1 /* Frameworks */ = {
			isa = PBXFrameworksBuildPhase;
			buildActionMask = 2147483647;
			files = (
			);
			runOnlyForDeploymentPostprocessing = 0;
		};
/* End PBXFrameworksBuildPhase section */

/* Begin PBXGroup section */
		638D94CC2A2F38FA00F163E1 = {
			isa = PBXGroup;
			children = (
				638D94D72A2F38FA00F163E1 /* TimerApp */,
				638D94F82A2F38FC00F163E1 /* TimerAppUITests */,
				638D94EE2A2F38FC00F163E1 /* TimerAppTests */,
				638D94D62A2F38FA00F163E1 /* Products */,
			);
			sourceTree = "<group>";
		};
		638D94D62A2F38FA00F163E1 /* Products */ = {
			isa = PBXGroup;
			children = (
				638D94D52A2F38FA00F163E1 /* TimerApp.app */,
				638D94EB2A2F38FC00F163E1 /* TimerAppTests.xctest */,
				638D94F52A2F38FC00F163E1 /* TimerAppUITests.xctest */,
			);
			name = Products;
			sourceTree = "<group>";
		};
		638D94D72A2F38FA00F163E1 /* TimerApp */ = {
			isa = PBXGroup;
			children = (
				638D94D82A2F38FA00F163E1 /* AppDelegate.swift */,
				638D94DA2A2F38FA00F163E1 /* SceneDelegate.swift */,
				638D94DC2A2F38FA00F163E1 /* ViewController.swift */,
				638D94DE2A2F38FA00F163E1 /* Main.storyboard */,
				638D94E12A2F38FB00F163E1 /* Assets.xcassets */,
				638D94E32A2F38FB00F163E1 /* LaunchScreen.storyboard */,
				638D94E62A2F38FB00F163E1 /* Info.plist */,
				638160212A2F7B430069BF5E /* lapCell.swift */,
				638160232A2F85CE0069BF5E /* Lap.swift */,
			);
			path = TimerApp;
			sourceTree = "<group>";
		};
		638D94EE2A2F38FC00F163E1 /* TimerAppTests */ = {
			isa = PBXGroup;
			children = (
				638D94EF2A2F38FC00F163E1 /* TimerAppTests.swift */,
			);
			path = TimerAppTests;
			sourceTree = "<group>";
		};
		638D94F82A2F38FC00F163E1 /* TimerAppUITests */ = {
			isa = PBXGroup;
			children = (
				638D94F92A2F38FC00F163E1 /* TimerAppUITests.swift */,
				638D94FB2A2F38FC00F163E1 /* TimerAppUITestsLaunchTests.swift */,
			);
			path = TimerAppUITests;
			sourceTree = "<group>";
		};
/* End PBXGroup section */

/* Begin PBXNativeTarget section */
		638D94D42A2F38FA00F163E1 /* TimerApp */ = {
			isa = PBXNativeTarget;
			buildConfigurationList = 638D94FF2A2F38FC00F163E1 /* Build configuration list for PBXNativeTarget "TimerApp" */;
			buildPhases = (
				638D94D12A2F38FA00F163E1 /* Sources */,
				638D94D22A2F38FA00F163E1 /* Frameworks */,
				638D94D32A2F38FA00F163E1 /* Resources */,
			);
			buildRules = (
			);
			dependencies = (
			);
			name = TimerApp;
			productName = TimerApp;
			productReference = 638D94D52A2F38FA00F163E1 /* TimerApp.app */;
			productType = "com.apple.product-type.application";
		};
		638D94EA2A2F38FC00F163E1 /* TimerAppTests */ = {
			isa = PBXNativeTarget;
			buildConfigurationList = 638D95022A2F38FC00F163E1 /* Build configuration list for PBXNativeTarget "TimerAppTests" */;
			buildPhases = (
				638D94E72A2F38FC00F163E1 /* Sources */,
				638D94E82A2F38FC00F163E1 /* Frameworks */,
				638D94E92A2F38FC00F163E1 /* Resources */,
			);
			buildRules = (
			);
			dependencies = (
				638D94ED2A2F38FC00F163E1 /* PBXTargetDependency */,
			);
			name = TimerAppTests;
			productName = TimerAppTests;
			productReference = 638D94EB2A2F38FC00F163E1 /* TimerAppTests.xctest */;
			productType = "com.apple.product-type.bundle.unit-test";
		};
		638D94F42A2F38FC00F163E1 /* TimerAppUITests */ = {
			isa = PBXNativeTarget;
			buildConfigurationList = 638D95052A2F38FC00F163E1 /* Build configuration list for PBXNativeTarget "TimerAppUITests" */;
			buildPhases = (
				638D94F12A2F38FC00F163E1 /* Sources */,
				638D94F22A2F38FC00F163E1 /* Frameworks */,
				638D94F32A2F38FC00F163E1 /* Resources */,
			);
			buildRules = (
			);
			dependencies = (
				638D94F72A2F38FC00F163E1 /* PBXTargetDependency */,
			);
			name = TimerAppUITests;
			productName = TimerAppUITests;
			productReference = 638D94F52A2F38FC00F163E1 /* TimerAppUITests.xctest */;
			productType = "com.apple.product-type.bundle.ui-testing";
		};
/* End PBXNativeTarget section */

/* Begin PBXProject section */
		638D94CD2A2F38FA00F163E1 /* Project object */ = {
			isa = PBXProject;
			attributes = {
				BuildIndependentTargetsInParallel = 1;
				LastSwiftUpdateCheck = 1430;
				LastUpgradeCheck = 1430;
				TargetAttributes = {
					638D94D42A2F38FA00F163E1 = {
						CreatedOnToolsVersion = 14.3.1;
					};
					638D94EA2A2F38FC00F163E1 = {
						CreatedOnToolsVersion = 14.3.1;
						TestTargetID = 638D94D42A2F38FA00F163E1;
					};
					638D94F42A2F38FC00F163E1 = {
						CreatedOnToolsVersion = 14.3.1;
						TestTargetID = 638D94D42A2F38FA00F163E1;
					};
				};
			};
			buildConfigurationList = 638D94D02A2F38FA00F163E1 /* Build configuration list for PBXProject "TimerApp" */;
			compatibilityVersion = "Xcode 14.0";
			developmentRegion = en;
			hasScannedForEncodings = 0;
			knownRegions = (
				en,
				Base,
			);
			mainGroup = 638D94CC2A2F38FA00F163E1;
			productRefGroup = 638D94D62A2F38FA00F163E1 /* Products */;
			projectDirPath = "";
			projectRoot = "";
			targets = (
				638D94D42A2F38FA00F163E1 /* TimerApp */,
				638D94EA2A2F38FC00F163E1 /* TimerAppTests */,
				638D94F42A2F38FC00F163E1 /* TimerAppUITests */,
			);
		};
/* End PBXProject section */

/* Begin PBXResourcesBuildPhase section */
		638D94D32A2F38FA00F163E1 /* Resources */ = {
			isa = PBXResourcesBuildPhase;
			buildActionMask = 2147483647;
			files = (
				638D94E52A2F38FB00F163E1 /* LaunchScreen.storyboard in Resources */,
				638D94E22A2F38FB00F163E1 /* Assets.xcassets in Resources */,
				638D94E02A2F38FA00F163E1 /* Main.storyboard in Resources */,
			);
			runOnlyForDeploymentPostprocessing = 0;
		};
		638D94E92A2F38FC00F163E1 /* Resources */ = {
			isa = PBXResourcesBuildPhase;
			buildActionMask = 2147483647;
			files = (
			);
			runOnlyForDeploymentPostprocessing = 0;
		};
		638D94F32A2F38FC00F163E1 /* Resources */ = {
			isa = PBXResourcesBuildPhase;
			buildActionMask = 2147483647;
			files = (
			);
			runOnlyForDeploymentPostprocessing = 0;
		};
/* End PBXResourcesBuildPhase section */

/* Begin PBXSourcesBuildPhase section */
		638D94D12A2F38FA00F163E1 /* Sources */ = {
			isa = PBXSourcesBuildPhase;
			buildActionMask = 2147483647;
			files = (
				638D94DD2A2F38FA00F163E1 /* ViewController.swift in Sources */,
				638160222A2F7B430069BF5E /* lapCell.swift in Sources */,
				638D94D92A2F38FA00F163E1 /* AppDelegate.swift in Sources */,
				638160242A2F85CE0069BF5E /* Lap.swift in Sources */,
				638D94DB2A2F38FA00F163E1 /* SceneDelegate.swift in Sources */,
			);
			runOnlyForDeploymentPostprocessing = 0;
		};
		638D94E72A2F38FC00F163E1 /* Sources */ = {
			isa = PBXSourcesBuildPhase;
			buildActionMask = 2147483647;
			files = (
				638D94F02A2F38FC00F163E1 /* TimerAppTests.swift in Sources */,
			);
			runOnlyForDeploymentPostprocessing = 0;
		};
		638D94F12A2F38FC00F163E1 /* Sources */ = {
			isa = PBXSourcesBuildPhase;
			buildActionMask = 2147483647;
			files = (
				638D94FC2A2F38FC00F163E1 /* TimerAppUITestsLaunchTests.swift in Sources */,
				638D94FA2A2F38FC00F163E1 /* TimerAppUITests.swift in Sources */,
			);
			runOnlyForDeploymentPostprocessing = 0;
		};
/* End PBXSourcesBuildPhase section */

/* Begin PBXTargetDependency section */
		638D94ED2A2F38FC00F163E1 /* PBXTargetDependency */ = {
			isa = PBXTargetDependency;
			target = 638D94D42A2F38FA00F163E1 /* TimerApp */;
			targetProxy = 638D94EC2A2F38FC00F163E1 /* PBXContainerItemProxy */;
		};
		638D94F72A2F38FC00F163E1 /* PBXTargetDependency */ = {
			isa = PBXTargetDependency;
			target = 638D94D42A2F38FA00F163E1 /* TimerApp */;
			targetProxy = 638D94F62A2F38FC00F163E1 /* PBXContainerItemProxy */;
		};
/* End PBXTargetDependency section */

/* Begin PBXVariantGroup section */
		638D94DE2A2F38FA00F163E1 /* Main.storyboard */ = {
			isa = PBXVariantGroup;
			children = (
				638D94DF2A2F38FA00F163E1 /* Base */,
			);
			name = Main.storyboard;
			sourceTree = "<group>";
		};
		638D94E32A2F38FB00F163E1 /* LaunchScreen.storyboard */ = {
			isa = PBXVariantGroup;
			children = (
				638D94E42A2F38FB00F163E1 /* Base */,
			);
			name = LaunchScreen.storyboard;
			sourceTree = "<group>";
		};
/* End PBXVariantGroup section */

/* Begin XCBuildConfiguration section */
		638D94FD2A2F38FC00F163E1 /* Debug */ = {
			isa = XCBuildConfiguration;
			buildSettings = {
				ALWAYS_SEARCH_USER_PATHS = NO;
				CLANG_ANALYZER_NONNULL = YES;
				CLANG_ANALYZER_NUMBER_OBJECT_CONVERSION = YES_AGGRESSIVE;
				CLANG_CXX_LANGUAGE_STANDARD = "gnu++20";
				CLANG_ENABLE_MODULES = YES;
				CLANG_ENABLE_OBJC_ARC = YES;
				CLANG_ENABLE_OBJC_WEAK = YES;
				CLANG_WARN_BLOCK_CAPTURE_AUTORELEASING = YES;
				CLANG_WARN_BOOL_CONVERSION = YES;
				CLANG_WARN_COMMA = YES;
				CLANG_WARN_CONSTANT_CONVERSION = YES;
				CLANG_WARN_DEPRECATED_OBJC_IMPLEMENTATIONS = YES;
				CLANG_WARN_DIRECT_OBJC_ISA_USAGE = YES_ERROR;
				CLANG_WARN_DOCUMENTATION_COMMENTS = YES;
				CLANG_WARN_EMPTY_BODY = YES;
				CLANG_WARN_ENUM_CONVERSION = YES;
				CLANG_WARN_INFINITE_RECURSION = YES;
				CLANG_WARN_INT_CONVERSION = YES;
				CLANG_WARN_NON_LITERAL_NULL_CONVERSION = YES;
				CLANG_WARN_OBJC_IMPLICIT_RETAIN_SELF = YES;
				CLANG_WARN_OBJC_LITERAL_CONVERSION = YES;
				CLANG_WARN_OBJC_ROOT_CLASS = YES_ERROR;
				CLANG_WARN_QUOTED_INCLUDE_IN_FRAMEWORK_HEADER = YES;
				CLANG_WARN_RANGE_LOOP_ANALYSIS = YES;
				CLANG_WARN_STRICT_PROTOTYPES = YES;
				CLANG_WARN_SUSPICIOUS_MOVE = YES;
				CLANG_WARN_UNGUARDED_AVAILABILITY = YES_AGGRESSIVE;
				CLANG_WARN_UNREACHABLE_CODE = YES;
				CLANG_WARN__DUPLICATE_METHOD_MATCH = YES;
				COPY_PHASE_STRIP = NO;
				DEBUG_INFORMATION_FORMAT = dwarf;
				ENABLE_STRICT_OBJC_MSGSEND = YES;
				ENABLE_TESTABILITY = YES;
				GCC_C_LANGUAGE_STANDARD = gnu11;
				GCC_DYNAMIC_NO_PIC = NO;
				GCC_NO_COMMON_BLOCKS = YES;
				GCC_OPTIMIZATION_LEVEL = 0;
				GCC_PREPROCESSOR_DEFINITIONS = (
					"DEBUG=1",
					"$(inherited)",
				);
				GCC_WARN_64_TO_32_BIT_CONVERSION = YES;
				GCC_WARN_ABOUT_RETURN_TYPE = YES_ERROR;
				GCC_WARN_UNDECLARED_SELECTOR = YES;
				GCC_WARN_UNINITIALIZED_AUTOS = YES_AGGRESSIVE;
				GCC_WARN_UNUSED_FUNCTION = YES;
				GCC_WARN_UNUSED_VARIABLE = YES;
				IPHONEOS_DEPLOYMENT_TARGET = 16.4;
				MTL_ENABLE_DEBUG_INFO = INCLUDE_SOURCE;
				MTL_FAST_MATH = YES;
				ONLY_ACTIVE_ARCH = YES;
				SDKROOT = iphoneos;
				SWIFT_ACTIVE_COMPILATION_CONDITIONS = DEBUG;
				SWIFT_OPTIMIZATION_LEVEL = "-Onone";
			};
			name = Debug;
		};
		638D94FE2A2F38FC00F163E1 /* Release */ = {
			isa = XCBuildConfiguration;
			buildSettings = {
				ALWAYS_SEARCH_USER_PATHS = NO;
				CLANG_ANALYZER_NONNULL = YES;
				CLANG_ANALYZER_NUMBER_OBJECT_CONVERSION = YES_AGGRESSIVE;
				CLANG_CXX_LANGUAGE_STANDARD = "gnu++20";
				CLANG_ENABLE_MODULES = YES;
				CLANG_ENABLE_OBJC_ARC = YES;
				CLANG_ENABLE_OBJC_WEAK = YES;
				CLANG_WARN_BLOCK_CAPTURE_AUTORELEASING = YES;
				CLANG_WARN_BOOL_CONVERSION = YES;
				CLANG_WARN_COMMA = YES;
				CLANG_WARN_CONSTANT_CONVERSION = YES;
				CLANG_WARN_DEPRECATED_OBJC_IMPLEMENTATIONS = YES;
				CLANG_WARN_DIRECT_OBJC_ISA_USAGE = YES_ERROR;
				CLANG_WARN_DOCUMENTATION_COMMENTS = YES;
				CLANG_WARN_EMPTY_BODY = YES;
				CLANG_WARN_ENUM_CONVERSION = YES;
				CLANG_WARN_INFINITE_RECURSION = YES;
				CLANG_WARN_INT_CONVERSION = YES;
				CLANG_WARN_NON_LITERAL_NULL_CONVERSION = YES;
				CLANG_WARN_OBJC_IMPLICIT_RETAIN_SELF = YES;
				CLANG_WARN_OBJC_LITERAL_CONVERSION = YES;
				CLANG_WARN_OBJC_ROOT_CLASS = YES_ERROR;
				CLANG_WARN_QUOTED_INCLUDE_IN_FRAMEWORK_HEADER = YES;
				CLANG_WARN_RANGE_LOOP_ANALYSIS = YES;
				CLANG_WARN_STRICT_PROTOTYPES = YES;
				CLANG_WARN_SUSPICIOUS_MOVE = YES;
				CLANG_WARN_UNGUARDED_AVAILABILITY = YES_AGGRESSIVE;
				CLANG_WARN_UNREACHABLE_CODE = YES;
				CLANG_WARN__DUPLICATE_METHOD_MATCH = YES;
				COPY_PHASE_STRIP = NO;
				DEBUG_INFORMATION_FORMAT = "dwarf-with-dsym";
				ENABLE_NS_ASSERTIONS = NO;
				ENABLE_STRICT_OBJC_MSGSEND = YES;
				GCC_C_LANGUAGE_STANDARD = gnu11;
				GCC_NO_COMMON_BLOCKS = YES;
				GCC_WARN_64_TO_32_BIT_CONVERSION = YES;
				GCC_WARN_ABOUT_RETURN_TYPE = YES_ERROR;
				GCC_WARN_UNDECLARED_SELECTOR = YES;
				GCC_WARN_UNINITIALIZED_AUTOS = YES_AGGRESSIVE;
				GCC_WARN_UNUSED_FUNCTION = YES;
				GCC_WARN_UNUSED_VARIABLE = YES;
				IPHONEOS_DEPLOYMENT_TARGET = 16.4;
				MTL_ENABLE_DEBUG_INFO = NO;
				MTL_FAST_MATH = YES;
				SDKROOT = iphoneos;
				SWIFT_COMPILATION_MODE = wholemodule;
				SWIFT_OPTIMIZATION_LEVEL = "-O";
				VALIDATE_PRODUCT = YES;
			};
			name = Release;
		};
		638D95002A2F38FC00F163E1 /* Debug */ = {
			isa = XCBuildConfiguration;
			buildSettings = {
				ASSETCATALOG_COMPILER_APPICON_NAME = AppIcon;
				ASSETCATALOG_COMPILER_GLOBAL_ACCENT_COLOR_NAME = AccentColor;
				CODE_SIGN_STYLE = Automatic;
				CURRENT_PROJECT_VERSION = 1;
				DEVELOPMENT_TEAM = 637FC6BUKX;
				GENERATE_INFOPLIST_FILE = YES;
				INFOPLIST_FILE = TimerApp/Info.plist;
				INFOPLIST_KEY_UIApplicationSupportsIndirectInputEvents = YES;
				INFOPLIST_KEY_UILaunchStoryboardName = LaunchScreen;
				INFOPLIST_KEY_UIMainStoryboardFile = Main;
				INFOPLIST_KEY_UISupportedInterfaceOrientations_iPad = "UIInterfaceOrientationPortrait UIInterfaceOrientationPortraitUpsideDown UIInterfaceOrientationLandscapeLeft UIInterfaceOrientationLandscapeRight";
				INFOPLIST_KEY_UISupportedInterfaceOrientations_iPhone = "UIInterfaceOrientationPortrait UIInterfaceOrientationLandscapeLeft UIInterfaceOrientationLandscapeRight";
				LD_RUNPATH_SEARCH_PATHS = (
					"$(inherited)",
					"@executable_path/Frameworks",
				);
				MARKETING_VERSION = 1.0;
				PRODUCT_BUNDLE_IDENTIFIER = com.ekenozlu.TimerApp;
				PRODUCT_NAME = "$(TARGET_NAME)";
				SWIFT_EMIT_LOC_STRINGS = YES;
				SWIFT_VERSION = 5.0;
				TARGETED_DEVICE_FAMILY = "1,2";
			};
			name = Debug;
		};
		638D95012A2F38FC00F163E1 /* Release */ = {
			isa = XCBuildConfiguration;
			buildSettings = {
				ASSETCATALOG_COMPILER_APPICON_NAME = AppIcon;
				ASSETCATALOG_COMPILER_GLOBAL_ACCENT_COLOR_NAME = AccentColor;
				CODE_SIGN_STYLE = Automatic;
				CURRENT_PROJECT_VERSION = 1;
				DEVELOPMENT_TEAM = 637FC6BUKX;
				GENERATE_INFOPLIST_FILE = YES;
				INFOPLIST_FILE = TimerApp/Info.plist;
				INFOPLIST_KEY_UIApplicationSupportsIndirectInputEvents = YES;
				INFOPLIST_KEY_UILaunchStoryboardName = LaunchScreen;
				INFOPLIST_KEY_UIMainStoryboardFile = Main;
				INFOPLIST_KEY_UISupportedInterfaceOrientations_iPad = "UIInterfaceOrientationPortrait UIInterfaceOrientationPortraitUpsideDown UIInterfaceOrientationLandscapeLeft UIInterfaceOrientationLandscapeRight";
				INFOPLIST_KEY_UISupportedInterfaceOrientations_iPhone = "UIInterfaceOrientationPortrait UIInterfaceOrientationLandscapeLeft UIInterfaceOrientationLandscapeRight";
				LD_RUNPATH_SEARCH_PATHS = (
					"$(inherited)",
					"@executable_path/Frameworks",
				);
				MARKETING_VERSION = 1.0;
				PRODUCT_BUNDLE_IDENTIFIER = com.ekenozlu.TimerApp;
				PRODUCT_NAME = "$(TARGET_NAME)";
				SWIFT_EMIT_LOC_STRINGS = YES;
				SWIFT_VERSION = 5.0;
				TARGETED_DEVICE_FAMILY = "1,2";
			};
			name = Release;
		};
		638D95032A2F38FC00F163E1 /* Debug */ = {
			isa = XCBuildConfiguration;
			buildSettings = {
				ALWAYS_EMBED_SWIFT_STANDARD_LIBRARIES = YES;
				BUNDLE_LOADER = "$(TEST_HOST)";
				CODE_SIGN_STYLE = Automatic;
				CURRENT_PROJECT_VERSION = 1;
				DEVELOPMENT_TEAM = 637FC6BUKX;
				GENERATE_INFOPLIST_FILE = YES;
				IPHONEOS_DEPLOYMENT_TARGET = 16.4;
				MARKETING_VERSION = 1.0;
				PRODUCT_BUNDLE_IDENTIFIER = com.ekenozlu.TimerAppTests;
				PRODUCT_NAME = "$(TARGET_NAME)";
				SWIFT_EMIT_LOC_STRINGS = NO;
				SWIFT_VERSION = 5.0;
				TARGETED_DEVICE_FAMILY = "1,2";
				TEST_HOST = "$(BUILT_PRODUCTS_DIR)/TimerApp.app/$(BUNDLE_EXECUTABLE_FOLDER_PATH)/TimerApp";
			};
			name = Debug;
		};
		638D95042A2F38FC00F163E1 /* Release */ = {
			isa = XCBuildConfiguration;
			buildSettings = {
				ALWAYS_EMBED_SWIFT_STANDARD_LIBRARIES = YES;
				BUNDLE_LOADER = "$(TEST_HOST)";
				CODE_SIGN_STYLE = Automatic;
				CURRENT_PROJECT_VERSION = 1;
				DEVELOPMENT_TEAM = 637FC6BUKX;
				GENERATE_INFOPLIST_FILE = YES;
				IPHONEOS_DEPLOYMENT_TARGET = 16.4;
				MARKETING_VERSION = 1.0;
				PRODUCT_BUNDLE_IDENTIFIER = com.ekenozlu.TimerAppTests;
				PRODUCT_NAME = "$(TARGET_NAME)";
				SWIFT_EMIT_LOC_STRINGS = NO;
				SWIFT_VERSION = 5.0;
				TARGETED_DEVICE_FAMILY = "1,2";
				TEST_HOST = "$(BUILT_PRODUCTS_DIR)/TimerApp.app/$(BUNDLE_EXECUTABLE_FOLDER_PATH)/TimerApp";
			};
			name = Release;
		};
		638D95062A2F38FC00F163E1 /* Debug */ = {
			isa = XCBuildConfiguration;
			buildSettings = {
				ALWAYS_EMBED_SWIFT_STANDARD_LIBRARIES = YES;
				CODE_SIGN_STYLE = Automatic;
				CURRENT_PROJECT_VERSION = 1;
				DEVELOPMENT_TEAM = 637FC6BUKX;
				GENERATE_INFOPLIST_FILE = YES;
				MARKETING_VERSION = 1.0;
				PRODUCT_BUNDLE_IDENTIFIER = com.ekenozlu.TimerAppUITests;
				PRODUCT_NAME = "$(TARGET_NAME)";
				SWIFT_EMIT_LOC_STRINGS = NO;
				SWIFT_VERSION = 5.0;
				TARGETED_DEVICE_FAMILY = "1,2";
				TEST_TARGET_NAME = TimerApp;
			};
			name = Debug;
		};
		638D95072A2F38FC00F163E1 /* Release */ = {
			isa = XCBuildConfiguration;
			buildSettings = {
				ALWAYS_EMBED_SWIFT_STANDARD_LIBRARIES = YES;
				CODE_SIGN_STYLE = Automatic;
				CURRENT_PROJECT_VERSION = 1;
				DEVELOPMENT_TEAM = 637FC6BUKX;
				GENERATE_INFOPLIST_FILE = YES;
				MARKETING_VERSION = 1.0;
				PRODUCT_BUNDLE_IDENTIFIER = com.ekenozlu.TimerAppUITests;
				PRODUCT_NAME = "$(TARGET_NAME)";
				SWIFT_EMIT_LOC_STRINGS = NO;
				SWIFT_VERSION = 5.0;
				TARGETED_DEVICE_FAMILY = "1,2";
				TEST_TARGET_NAME = TimerApp;
			};
			name = Release;
		};
/* End XCBuildConfiguration section */

/* Begin XCConfigurationList section */
		638D94D02A2F38FA00F163E1 /* Build configuration list for PBXProject "TimerApp" */ = {
			isa = XCConfigurationList;
			buildConfigurations = (
				638D94FD2A2F38FC00F163E1 /* Debug */,
				638D94FE2A2F38FC00F163E1 /* Release */,
			);
			defaultConfigurationIsVisible = 0;
			defaultConfigurationName = Release;
		};
		638D94FF2A2F38FC00F163E1 /* Build configuration list for PBXNativeTarget "TimerApp" */ = {
			isa = XCConfigurationList;
			buildConfigurations = (
				638D95002A2F38FC00F163E1 /* Debug */,
				638D95012A2F38FC00F163E1 /* Release */,
			);
			defaultConfigurationIsVisible = 0;
			defaultConfigurationName = Release;
		};
		638D95022A2F38FC00F163E1 /* Build configuration list for PBXNativeTarget "TimerAppTests" */ = {
			isa = XCConfigurationList;
			buildConfigurations = (
				638D95032A2F38FC00F163E1 /* Debug */,
				638D95042A2F38FC00F163E1 /* Release */,
			);
			defaultConfigurationIsVisible = 0;
			defaultConfigurationName = Release;
		};
		638D95052A2F38FC00F163E1 /* Build configuration list for PBXNativeTarget "TimerAppUITests" */ = {
			isa = XCConfigurationList;
			buildConfigurations = (
				638D95062A2F38FC00F163E1 /* Debug */,
				638D95072A2F38FC00F163E1 /* Release */,
			);
			defaultConfigurationIsVisible = 0;
			defaultConfigurationName = Release;
		};
/* End XCConfigurationList section */
	};
	rootObject = 638D94CD2A2F38FA00F163E1 /* Project object */;
}
